
Microsoft Visual Studio Solution File, Format Version 12.00
# Visual Studio 15
VisualStudioVersion = 15.0.28307.271
MinimumVisualStudioVersion = 10.0.40219.1
Project("{9A19103F-16F7-4668-BE54-9A1E7A4F7556}") = "Eventor", "Eventor\Eventor.csproj", "{B4F4CF23-5C03-4A50-A251-7F136C130F57}"
EndProject
Project("{9A19103F-16F7-4668-BE54-9A1E7A4F7556}") = "Services", "Services\Services.csproj", "{D3556CAB-3022-4E2A-992C-75603B06FB7F}"
EndProject
Project("{9A19103F-16F7-4668-BE54-9A1E7A4F7556}") = "Eventor.Tests", "Eventor.Tests\Eventor.Tests.csproj", "{6C0ED4F5-A9EB-4D50-8B1B-53E6004AA18D}"
EndProject
Project("{9A19103F-16F7-4668-BE54-9A1E7A4F7556}") = "DataAccess", "Data\DataAccess.csproj", "{E57E5A07-2BBA-433F-854A-FCB30262B272}"
EndProject
Global
	GlobalSection(SolutionConfigurationPlatforms) = preSolution
		Debug|Any CPU = Debug|Any CPU
		Release|Any CPU = Release|Any CPU
	EndGlobalSection
	GlobalSection(ProjectConfigurationPlatforms) = postSolution
		{B4F4CF23-5C03-4A50-A251-7F136C130F57}.Debug|Any CPU.ActiveCfg = Debug|Any CPU
		{B4F4CF23-5C03-4A50-A251-7F136C130F57}.Debug|Any CPU.Build.0 = Debug|Any CPU
		{B4F4CF23-5C03-4A50-A251-7F136C130F57}.Release|Any CPU.ActiveCfg = Release|Any CPU
		{B4F4CF23-5C03-4A50-A251-7F136C130F57}.Release|Any CPU.Build.0 = Release|Any CPU
		{D3556CAB-3022-4E2A-992C-75603B06FB7F}.Debug|Any CPU.ActiveCfg = Debug|Any CPU
		{D3556CAB-3022-4E2A-992C-75603B06FB7F}.Debug|Any CPU.Build.0 = Debug|Any CPU
		{D3556CAB-3022-4E2A-992C-75603B06FB7F}.Release|Any CPU.ActiveCfg = Release|Any CPU
		{D3556CAB-3022-4E2A-992C-75603B06FB7F}.Release|Any CPU.Build.0 = Release|Any CPU
		{6C0ED4F5-A9EB-4D50-8B1B-53E6004AA18D}.Debug|Any CPU.ActiveCfg = Debug|Any CPU
		{6C0ED4F5-A9EB-4D50-8B1B-53E6004AA18D}.Debug|Any CPU.Build.0 = Debug|Any CPU
		{6C0ED4F5-A9EB-4D50-8B1B-53E6004AA18D}.Release|Any CPU.ActiveCfg = Release|Any CPU
		{6C0ED4F5-A9EB-4D50-8B1B-53E6004AA18D}.Release|Any CPU.Build.0 = Release|Any CPU
		{E57E5A07-2BBA-433F-854A-FCB30262B272}.Debug|Any CPU.ActiveCfg = Debug|Any CPU
		{E57E5A07-2BBA-433F-854A-FCB30262B272}.Debug|Any CPU.Build.0 = Debug|Any CPU
		{E57E5A07-2BBA-433F-854A-FCB30262B272}.Release|Any CPU.ActiveCfg = Release|Any CPU
		{E57E5A07-2BBA-433F-854A-FCB30262B272}.Release|Any CPU.Build.0 = Release|Any CPU
	EndGlobalSection
	GlobalSection(SolutionProperties) = preSolution
		HideSolutionNode = FALSE
	EndGlobalSection
	GlobalSection(ExtensibilityGlobals) = postSolution
		SolutionGuid = {E6D7E68B-5F85-4161-9647-3E0BCAF6F835}
	EndGlobalSection
EndGlobal
